<?xml version="1.0" encoding="utf-8"?>
<Project ToolsVersion="4.0" xmlns="http://schemas.microsoft.com/developer/msbuild/2003">
  <ItemGroup>
    <ClCompile Include="base_method.cpp" />
    <ClCompile Include="database.cpp" />
    <ClCompile Include="log.cpp" />
    <ClCompile Include="main.cpp" />
    <ClCompile Include="parser.cpp" />
    <ClCompile Include="simplex.cpp" />
    <ClCompile Include="cli.cpp" />
    <ClCompile Include="exporter.cpp" />
    <ClCompile Include="cycle.cpp" />
    <ClCompile Include="genetic.cpp" />
    <ClCompile Include="viewdata.cpp" />
  </ItemGroup>
  <ItemGroup>
    <ClInclude Include="base_method.h" />
    <ClInclude Include="database.h" />
    <ClInclude Include="header.h" />
    <ClInclude Include="log.h" />
    <ClInclude Include="parser.h" />
    <ClInclude Include="simplex.h" />
    <ClInclude Include="cli.h" />
    <ClInclude Include="exporter.h" />
    <ClInclude Include="cycle.h" />
    <ClInclude Include="genetic.h" />
    <ClInclude Include="viewdata.h" />
  </ItemGroup>
</Project>